
Microsoft Visual Studio Solution File, Format Version 12.00
# Visual Studio Version 17
VisualStudioVersion = 17.3.32901.215
MinimumVisualStudioVersion = 10.0.40219.1
Project("{FAE04EC0-301F-11D3-BF4B-00C04F79EFBC}") = "SchoolSis", "SchoolSis\SchoolSis.csproj", "{5F58DD0F-F58B-4355-922A-4C4DD5FE0540}"
EndProject
Global
	GlobalSection(SolutionConfigurationPlatforms) = preSolution
		Debug|Any CPU = Debug|Any CPU
		Release|Any CPU = Release|Any CPU
	EndGlobalSection
	GlobalSection(ProjectConfigurationPlatforms) = postSolution
		{5F58DD0F-F58B-4355-922A-4C4DD5FE0540}.Debug|Any CPU.ActiveCfg = Debug|Any CPU
		{5F58DD0F-F58B-4355-922A-4C4DD5FE0540}.Debug|Any CPU.Build.0 = Debug|Any CPU
		{5F58DD0F-F58B-4355-922A-4C4DD5FE0540}.Release|Any CPU.ActiveCfg = Release|Any CPU
		{5F58DD0F-F58B-4355-922A-4C4DD5FE0540}.Release|Any CPU.Build.0 = Release|Any CPU
	EndGlobalSection
	GlobalSection(SolutionProperties) = preSolution
		HideSolutionNode = FALSE
	EndGlobalSection
	GlobalSection(ExtensibilityGlobals) = postSolution
		SolutionGuid = {81507977-5E5C-4B2B-BD82-C39600697A49}
	EndGlobalSection
EndGlobal
